
Microsoft Visual Studio Solution File, Format Version 12.00
Project("{FAE04EC0-301F-11D3-BF4B-00C04F79EFBC}") = "DesignPatterns.FactoryMethod", "DesignPatterns.FactoryMethod\DesignPatterns.FactoryMethod.csproj", "{C44BA081-FA00-4287-A245-19B8281EAEA5}"
EndProject
Project("{2150E333-8FDC-42A3-9474-1A3956D46DE8}") = "Creational", "Creational", "{5096DBF0-758F-4B07-9307-3292C785B5A8}"
EndProject
Project("{FAE04EC0-301F-11D3-BF4B-00C04F79EFBC}") = "DesignPatterns.Common", "DesignPatterns.Common\DesignPatterns.Common.csproj", "{FB7D3B12-0BB2-4675-86E4-C21D7C4D40E9}"
EndProject
Project("{FAE04EC0-301F-11D3-BF4B-00C04F79EFBC}") = "DesignPatterns.AbstractFactory", "DesignPatterns.AbstractFactory\DesignPatterns.AbstractFactory.csproj", "{96CCAA9E-3AE5-4E0F-B7A4-B18F4BD265E3}"
EndProject
Project("{FAE04EC0-301F-11D3-BF4B-00C04F79EFBC}") = "DesignPatterns.Builder", "DesignPatterns.Builder\DesignPatterns.Builder.csproj", "{CA9B68F3-E133-46A6-80AA-D491E98D5AB7}"
EndProject
Project("{FAE04EC0-301F-11D3-BF4B-00C04F79EFBC}") = "DesignPatterns.Prototype", "DesignPatterns.Prototype\DesignPatterns.Prototype.csproj", "{55BDAAEE-9A26-4EE7-9F87-05BCC6C0D1E2}"
EndProject
Project("{FAE04EC0-301F-11D3-BF4B-00C04F79EFBC}") = "DesignPatterns.Singleton", "DesignPatterns.Singleton\DesignPatterns.Singleton.csproj", "{CB76A36D-71F1-46F0-9F70-D6CDF8E453DA}"
EndProject
Global
	GlobalSection(SolutionConfigurationPlatforms) = preSolution
		Debug|Any CPU = Debug|Any CPU
		Release|Any CPU = Release|Any CPU
	EndGlobalSection
	GlobalSection(ProjectConfigurationPlatforms) = postSolution
		{C44BA081-FA00-4287-A245-19B8281EAEA5}.Debug|Any CPU.ActiveCfg = Debug|Any CPU
		{C44BA081-FA00-4287-A245-19B8281EAEA5}.Debug|Any CPU.Build.0 = Debug|Any CPU
		{C44BA081-FA00-4287-A245-19B8281EAEA5}.Release|Any CPU.ActiveCfg = Release|Any CPU
		{C44BA081-FA00-4287-A245-19B8281EAEA5}.Release|Any CPU.Build.0 = Release|Any CPU
		{FB7D3B12-0BB2-4675-86E4-C21D7C4D40E9}.Debug|Any CPU.ActiveCfg = Debug|Any CPU
		{FB7D3B12-0BB2-4675-86E4-C21D7C4D40E9}.Debug|Any CPU.Build.0 = Debug|Any CPU
		{FB7D3B12-0BB2-4675-86E4-C21D7C4D40E9}.Release|Any CPU.ActiveCfg = Release|Any CPU
		{FB7D3B12-0BB2-4675-86E4-C21D7C4D40E9}.Release|Any CPU.Build.0 = Release|Any CPU
		{96CCAA9E-3AE5-4E0F-B7A4-B18F4BD265E3}.Debug|Any CPU.ActiveCfg = Debug|Any CPU
		{96CCAA9E-3AE5-4E0F-B7A4-B18F4BD265E3}.Debug|Any CPU.Build.0 = Debug|Any CPU
		{96CCAA9E-3AE5-4E0F-B7A4-B18F4BD265E3}.Release|Any CPU.ActiveCfg = Release|Any CPU
		{96CCAA9E-3AE5-4E0F-B7A4-B18F4BD265E3}.Release|Any CPU.Build.0 = Release|Any CPU
		{CA9B68F3-E133-46A6-80AA-D491E98D5AB7}.Debug|Any CPU.ActiveCfg = Debug|Any CPU
		{CA9B68F3-E133-46A6-80AA-D491E98D5AB7}.Debug|Any CPU.Build.0 = Debug|Any CPU
		{CA9B68F3-E133-46A6-80AA-D491E98D5AB7}.Release|Any CPU.ActiveCfg = Release|Any CPU
		{CA9B68F3-E133-46A6-80AA-D491E98D5AB7}.Release|Any CPU.Build.0 = Release|Any CPU
		{55BDAAEE-9A26-4EE7-9F87-05BCC6C0D1E2}.Debug|Any CPU.ActiveCfg = Debug|Any CPU
		{55BDAAEE-9A26-4EE7-9F87-05BCC6C0D1E2}.Debug|Any CPU.Build.0 = Debug|Any CPU
		{55BDAAEE-9A26-4EE7-9F87-05BCC6C0D1E2}.Release|Any CPU.ActiveCfg = Release|Any CPU
		{55BDAAEE-9A26-4EE7-9F87-05BCC6C0D1E2}.Release|Any CPU.Build.0 = Release|Any CPU
		{CB76A36D-71F1-46F0-9F70-D6CDF8E453DA}.Debug|Any CPU.ActiveCfg = Debug|Any CPU
		{CB76A36D-71F1-46F0-9F70-D6CDF8E453DA}.Debug|Any CPU.Build.0 = Debug|Any CPU
		{CB76A36D-71F1-46F0-9F70-D6CDF8E453DA}.Release|Any CPU.ActiveCfg = Release|Any CPU
		{CB76A36D-71F1-46F0-9F70-D6CDF8E453DA}.Release|Any CPU.Build.0 = Release|Any CPU
	EndGlobalSection
	GlobalSection(NestedProjects) = preSolution
		{C44BA081-FA00-4287-A245-19B8281EAEA5} = {5096DBF0-758F-4B07-9307-3292C785B5A8}
		{96CCAA9E-3AE5-4E0F-B7A4-B18F4BD265E3} = {5096DBF0-758F-4B07-9307-3292C785B5A8}
		{CA9B68F3-E133-46A6-80AA-D491E98D5AB7} = {5096DBF0-758F-4B07-9307-3292C785B5A8}
		{55BDAAEE-9A26-4EE7-9F87-05BCC6C0D1E2} = {5096DBF0-758F-4B07-9307-3292C785B5A8}
		{CB76A36D-71F1-46F0-9F70-D6CDF8E453DA} = {5096DBF0-758F-4B07-9307-3292C785B5A8}
	EndGlobalSection
EndGlobal
