
Microsoft Visual Studio Solution File, Format Version 12.00
Project("{FAE04EC0-301F-11D3-BF4B-00C04F79EFBC}") = "DesignPatterns.FactoryMethod", "DesignPatterns.FactoryMethod\DesignPatterns.FactoryMethod.csproj", "{C44BA081-FA00-4287-A245-19B8281EAEA5}"
EndProject
Project("{2150E333-8FDC-42A3-9474-1A3956D46DE8}") = "Creational", "Creational", "{5096DBF0-758F-4B07-9307-3292C785B5A8}"
EndProject
Project("{FAE04EC0-301F-11D3-BF4B-00C04F79EFBC}") = "DesignPatterns.Common", "DesignPatterns.Common\DesignPatterns.Common.csproj", "{FB7D3B12-0BB2-4675-86E4-C21D7C4D40E9}"
EndProject
Project("{FAE04EC0-301F-11D3-BF4B-00C04F79EFBC}") = "DesignPatterns.AbstractFactory", "DesignPatterns.AbstractFactory\DesignPatterns.AbstractFactory.csproj", "{96CCAA9E-3AE5-4E0F-B7A4-B18F4BD265E3}"
EndProject
Project("{FAE04EC0-301F-11D3-BF4B-00C04F79EFBC}") = "DesignPatterns.Builder", "DesignPatterns.Builder\DesignPatterns.Builder.csproj", "{CA9B68F3-E133-46A6-80AA-D491E98D5AB7}"
EndProject
Project("{FAE04EC0-301F-11D3-BF4B-00C04F79EFBC}") = "DesignPatterns.Prototype", "DesignPatterns.Prototype\DesignPatterns.Prototype.csproj", "{55BDAAEE-9A26-4EE7-9F87-05BCC6C0D1E2}"
EndProject
Project("{FAE04EC0-301F-11D3-BF4B-00C04F79EFBC}") = "DesignPatterns.Singleton", "DesignPatterns.Singleton\DesignPatterns.Singleton.csproj", "{CB76A36D-71F1-46F0-9F70-D6CDF8E453DA}"
EndProject
Project("{2150E333-8FDC-42A3-9474-1A3956D46DE8}") = "Structural", "Structural", "{18FD0867-D17C-49F5-A757-78365A773D26}"
EndProject
Project("{FAE04EC0-301F-11D3-BF4B-00C04F79EFBC}") = "DesignPatterns.Adapter", "DesignPatterns.Adapter\DesignPatterns.Adapter.csproj", "{DD154A15-0E14-4353-A9AB-6F8BA627BF06}"
EndProject
Project("{FAE04EC0-301F-11D3-BF4B-00C04F79EFBC}") = "DesignPatterns.Bridge", "DesignPatterns.Bridge\DesignPatterns.Bridge.csproj", "{BD971582-66F8-494B-8000-4310779E3362}"
EndProject
Project("{FAE04EC0-301F-11D3-BF4B-00C04F79EFBC}") = "DesignPatterns.Composite", "DesignPatterns.Composite\DesignPatterns.Composite.csproj", "{9F79F492-7D1C-4270-934D-28AF59CFF917}"
EndProject
Project("{FAE04EC0-301F-11D3-BF4B-00C04F79EFBC}") = "DesignPatterns.Decorator", "DesignPatterns.Decorator\DesignPatterns.Decorator.csproj", "{FD813DE6-D452-47C6-B012-D1BFD10179C1}"
EndProject
Project("{FAE04EC0-301F-11D3-BF4B-00C04F79EFBC}") = "DesignPatterns.Facade", "DesignPatterns.Facade\DesignPatterns.Facade.csproj", "{F737A88C-3C4D-4C28-9A54-75D167387CB3}"
EndProject
Project("{FAE04EC0-301F-11D3-BF4B-00C04F79EFBC}") = "DesignPatterns.Flyweight", "DesignPatterns.Flyweight\DesignPatterns.Flyweight.csproj", "{AD8FB1B6-31E0-4A48-930C-2C2CFC70B9E0}"
EndProject
Project("{FAE04EC0-301F-11D3-BF4B-00C04F79EFBC}") = "DesignPatterns.Proxy", "DesignPatterns.Proxy\DesignPatterns.Proxy.csproj", "{7D45B36F-3AD8-4520-8454-7A47A03735B9}"
EndProject
Project("{2150E333-8FDC-42A3-9474-1A3956D46DE8}") = "Behavioural", "Behavioural", "{B765B71C-DFC3-4B5F-A1F2-42BBE18B45C5}"
EndProject
Project("{FAE04EC0-301F-11D3-BF4B-00C04F79EFBC}") = "DesignPatterns.ChainOfResp", "DesignPatterns.ChainOfResp\DesignPatterns.ChainOfResp.csproj", "{FEEEAD84-B6BF-464E-8898-A139C710E559}"
EndProject
Project("{FAE04EC0-301F-11D3-BF4B-00C04F79EFBC}") = "DesignPatterns.Command", "DesignPatterns.Command\DesignPatterns.Command.csproj", "{F7A9319C-CEBD-4A90-96B6-5D4E200DA7EE}"
EndProject
Project("{FAE04EC0-301F-11D3-BF4B-00C04F79EFBC}") = "DesignPatterns.Iterator", "DesignPatterns.Iterator\DesignPatterns.Iterator.csproj", "{7CFA5930-DB0B-45DC-9728-B80DFD3D676A}"
EndProject
Project("{FAE04EC0-301F-11D3-BF4B-00C04F79EFBC}") = "DesignPatterns.Mediator", "DesignPatterns.Mediator\DesignPatterns.Mediator.csproj", "{1CD7A9AF-416A-4BCA-B866-52585BC7A332}"
EndProject
Project("{FAE04EC0-301F-11D3-BF4B-00C04F79EFBC}") = "DesignPatterns.Memento", "DesignPatterns.Memento\DesignPatterns.Memento.csproj", "{BB267957-134C-4AD4-AF6C-19C28CD6B2B9}"
EndProject
Project("{FAE04EC0-301F-11D3-BF4B-00C04F79EFBC}") = "DesignPatterns.Observer", "DesignPatterns.Observer\DesignPatterns.Observer.csproj", "{617BCA38-9020-45BB-B6CD-E1F962D40119}"
EndProject
Project("{FAE04EC0-301F-11D3-BF4B-00C04F79EFBC}") = "DesignPatterns.State", "DesignPatterns.State\DesignPatterns.State.csproj", "{F52A0335-9F32-4976-BC3C-3FBC1E9E7849}"
EndProject
Project("{FAE04EC0-301F-11D3-BF4B-00C04F79EFBC}") = "DesignPatterns.Strategy", "DesignPatterns.Strategy\DesignPatterns.Strategy.csproj", "{521ECBA4-0710-40C5-8391-AAC5A6DF4694}"
EndProject
Project("{FAE04EC0-301F-11D3-BF4B-00C04F79EFBC}") = "DesignPatterns.TemplateMethod", "DesignPatterns.TemplateMethod\DesignPatterns.TemplateMethod.csproj", "{8CE29C73-D77D-4234-81B6-104EE63FE3C8}"
EndProject
Global
	GlobalSection(SolutionConfigurationPlatforms) = preSolution
		Debug|Any CPU = Debug|Any CPU
		Release|Any CPU = Release|Any CPU
	EndGlobalSection
	GlobalSection(ProjectConfigurationPlatforms) = postSolution
		{C44BA081-FA00-4287-A245-19B8281EAEA5}.Debug|Any CPU.ActiveCfg = Debug|Any CPU
		{C44BA081-FA00-4287-A245-19B8281EAEA5}.Debug|Any CPU.Build.0 = Debug|Any CPU
		{C44BA081-FA00-4287-A245-19B8281EAEA5}.Release|Any CPU.ActiveCfg = Release|Any CPU
		{C44BA081-FA00-4287-A245-19B8281EAEA5}.Release|Any CPU.Build.0 = Release|Any CPU
		{FB7D3B12-0BB2-4675-86E4-C21D7C4D40E9}.Debug|Any CPU.ActiveCfg = Debug|Any CPU
		{FB7D3B12-0BB2-4675-86E4-C21D7C4D40E9}.Debug|Any CPU.Build.0 = Debug|Any CPU
		{FB7D3B12-0BB2-4675-86E4-C21D7C4D40E9}.Release|Any CPU.ActiveCfg = Release|Any CPU
		{FB7D3B12-0BB2-4675-86E4-C21D7C4D40E9}.Release|Any CPU.Build.0 = Release|Any CPU
		{96CCAA9E-3AE5-4E0F-B7A4-B18F4BD265E3}.Debug|Any CPU.ActiveCfg = Debug|Any CPU
		{96CCAA9E-3AE5-4E0F-B7A4-B18F4BD265E3}.Debug|Any CPU.Build.0 = Debug|Any CPU
		{96CCAA9E-3AE5-4E0F-B7A4-B18F4BD265E3}.Release|Any CPU.ActiveCfg = Release|Any CPU
		{96CCAA9E-3AE5-4E0F-B7A4-B18F4BD265E3}.Release|Any CPU.Build.0 = Release|Any CPU
		{CA9B68F3-E133-46A6-80AA-D491E98D5AB7}.Debug|Any CPU.ActiveCfg = Debug|Any CPU
		{CA9B68F3-E133-46A6-80AA-D491E98D5AB7}.Debug|Any CPU.Build.0 = Debug|Any CPU
		{CA9B68F3-E133-46A6-80AA-D491E98D5AB7}.Release|Any CPU.ActiveCfg = Release|Any CPU
		{CA9B68F3-E133-46A6-80AA-D491E98D5AB7}.Release|Any CPU.Build.0 = Release|Any CPU
		{55BDAAEE-9A26-4EE7-9F87-05BCC6C0D1E2}.Debug|Any CPU.ActiveCfg = Debug|Any CPU
		{55BDAAEE-9A26-4EE7-9F87-05BCC6C0D1E2}.Debug|Any CPU.Build.0 = Debug|Any CPU
		{55BDAAEE-9A26-4EE7-9F87-05BCC6C0D1E2}.Release|Any CPU.ActiveCfg = Release|Any CPU
		{55BDAAEE-9A26-4EE7-9F87-05BCC6C0D1E2}.Release|Any CPU.Build.0 = Release|Any CPU
		{CB76A36D-71F1-46F0-9F70-D6CDF8E453DA}.Debug|Any CPU.ActiveCfg = Debug|Any CPU
		{CB76A36D-71F1-46F0-9F70-D6CDF8E453DA}.Debug|Any CPU.Build.0 = Debug|Any CPU
		{CB76A36D-71F1-46F0-9F70-D6CDF8E453DA}.Release|Any CPU.ActiveCfg = Release|Any CPU
		{CB76A36D-71F1-46F0-9F70-D6CDF8E453DA}.Release|Any CPU.Build.0 = Release|Any CPU
		{DD154A15-0E14-4353-A9AB-6F8BA627BF06}.Debug|Any CPU.ActiveCfg = Debug|Any CPU
		{DD154A15-0E14-4353-A9AB-6F8BA627BF06}.Debug|Any CPU.Build.0 = Debug|Any CPU
		{DD154A15-0E14-4353-A9AB-6F8BA627BF06}.Release|Any CPU.ActiveCfg = Release|Any CPU
		{DD154A15-0E14-4353-A9AB-6F8BA627BF06}.Release|Any CPU.Build.0 = Release|Any CPU
		{BD971582-66F8-494B-8000-4310779E3362}.Debug|Any CPU.ActiveCfg = Debug|Any CPU
		{BD971582-66F8-494B-8000-4310779E3362}.Debug|Any CPU.Build.0 = Debug|Any CPU
		{BD971582-66F8-494B-8000-4310779E3362}.Release|Any CPU.ActiveCfg = Release|Any CPU
		{BD971582-66F8-494B-8000-4310779E3362}.Release|Any CPU.Build.0 = Release|Any CPU
		{9F79F492-7D1C-4270-934D-28AF59CFF917}.Debug|Any CPU.ActiveCfg = Debug|Any CPU
		{9F79F492-7D1C-4270-934D-28AF59CFF917}.Debug|Any CPU.Build.0 = Debug|Any CPU
		{9F79F492-7D1C-4270-934D-28AF59CFF917}.Release|Any CPU.ActiveCfg = Release|Any CPU
		{9F79F492-7D1C-4270-934D-28AF59CFF917}.Release|Any CPU.Build.0 = Release|Any CPU
		{FD813DE6-D452-47C6-B012-D1BFD10179C1}.Debug|Any CPU.ActiveCfg = Debug|Any CPU
		{FD813DE6-D452-47C6-B012-D1BFD10179C1}.Debug|Any CPU.Build.0 = Debug|Any CPU
		{FD813DE6-D452-47C6-B012-D1BFD10179C1}.Release|Any CPU.ActiveCfg = Release|Any CPU
		{FD813DE6-D452-47C6-B012-D1BFD10179C1}.Release|Any CPU.Build.0 = Release|Any CPU
		{F737A88C-3C4D-4C28-9A54-75D167387CB3}.Debug|Any CPU.ActiveCfg = Debug|Any CPU
		{F737A88C-3C4D-4C28-9A54-75D167387CB3}.Debug|Any CPU.Build.0 = Debug|Any CPU
		{F737A88C-3C4D-4C28-9A54-75D167387CB3}.Release|Any CPU.ActiveCfg = Release|Any CPU
		{F737A88C-3C4D-4C28-9A54-75D167387CB3}.Release|Any CPU.Build.0 = Release|Any CPU
		{AD8FB1B6-31E0-4A48-930C-2C2CFC70B9E0}.Debug|Any CPU.ActiveCfg = Debug|Any CPU
		{AD8FB1B6-31E0-4A48-930C-2C2CFC70B9E0}.Debug|Any CPU.Build.0 = Debug|Any CPU
		{AD8FB1B6-31E0-4A48-930C-2C2CFC70B9E0}.Release|Any CPU.ActiveCfg = Release|Any CPU
		{AD8FB1B6-31E0-4A48-930C-2C2CFC70B9E0}.Release|Any CPU.Build.0 = Release|Any CPU
		{7D45B36F-3AD8-4520-8454-7A47A03735B9}.Debug|Any CPU.ActiveCfg = Debug|Any CPU
		{7D45B36F-3AD8-4520-8454-7A47A03735B9}.Debug|Any CPU.Build.0 = Debug|Any CPU
		{7D45B36F-3AD8-4520-8454-7A47A03735B9}.Release|Any CPU.ActiveCfg = Release|Any CPU
		{7D45B36F-3AD8-4520-8454-7A47A03735B9}.Release|Any CPU.Build.0 = Release|Any CPU
		{FEEEAD84-B6BF-464E-8898-A139C710E559}.Debug|Any CPU.ActiveCfg = Debug|Any CPU
		{FEEEAD84-B6BF-464E-8898-A139C710E559}.Debug|Any CPU.Build.0 = Debug|Any CPU
		{FEEEAD84-B6BF-464E-8898-A139C710E559}.Release|Any CPU.ActiveCfg = Release|Any CPU
		{FEEEAD84-B6BF-464E-8898-A139C710E559}.Release|Any CPU.Build.0 = Release|Any CPU
		{F7A9319C-CEBD-4A90-96B6-5D4E200DA7EE}.Debug|Any CPU.ActiveCfg = Debug|Any CPU
		{F7A9319C-CEBD-4A90-96B6-5D4E200DA7EE}.Debug|Any CPU.Build.0 = Debug|Any CPU
		{F7A9319C-CEBD-4A90-96B6-5D4E200DA7EE}.Release|Any CPU.ActiveCfg = Release|Any CPU
		{F7A9319C-CEBD-4A90-96B6-5D4E200DA7EE}.Release|Any CPU.Build.0 = Release|Any CPU
		{7CFA5930-DB0B-45DC-9728-B80DFD3D676A}.Debug|Any CPU.ActiveCfg = Debug|Any CPU
		{7CFA5930-DB0B-45DC-9728-B80DFD3D676A}.Debug|Any CPU.Build.0 = Debug|Any CPU
		{7CFA5930-DB0B-45DC-9728-B80DFD3D676A}.Release|Any CPU.ActiveCfg = Release|Any CPU
		{7CFA5930-DB0B-45DC-9728-B80DFD3D676A}.Release|Any CPU.Build.0 = Release|Any CPU
		{1CD7A9AF-416A-4BCA-B866-52585BC7A332}.Debug|Any CPU.ActiveCfg = Debug|Any CPU
		{1CD7A9AF-416A-4BCA-B866-52585BC7A332}.Debug|Any CPU.Build.0 = Debug|Any CPU
		{1CD7A9AF-416A-4BCA-B866-52585BC7A332}.Release|Any CPU.ActiveCfg = Release|Any CPU
		{1CD7A9AF-416A-4BCA-B866-52585BC7A332}.Release|Any CPU.Build.0 = Release|Any CPU
		{BB267957-134C-4AD4-AF6C-19C28CD6B2B9}.Debug|Any CPU.ActiveCfg = Debug|Any CPU
		{BB267957-134C-4AD4-AF6C-19C28CD6B2B9}.Debug|Any CPU.Build.0 = Debug|Any CPU
		{BB267957-134C-4AD4-AF6C-19C28CD6B2B9}.Release|Any CPU.ActiveCfg = Release|Any CPU
		{BB267957-134C-4AD4-AF6C-19C28CD6B2B9}.Release|Any CPU.Build.0 = Release|Any CPU
		{617BCA38-9020-45BB-B6CD-E1F962D40119}.Debug|Any CPU.ActiveCfg = Debug|Any CPU
		{617BCA38-9020-45BB-B6CD-E1F962D40119}.Debug|Any CPU.Build.0 = Debug|Any CPU
		{617BCA38-9020-45BB-B6CD-E1F962D40119}.Release|Any CPU.ActiveCfg = Release|Any CPU
		{617BCA38-9020-45BB-B6CD-E1F962D40119}.Release|Any CPU.Build.0 = Release|Any CPU
		{F52A0335-9F32-4976-BC3C-3FBC1E9E7849}.Debug|Any CPU.ActiveCfg = Debug|Any CPU
		{F52A0335-9F32-4976-BC3C-3FBC1E9E7849}.Debug|Any CPU.Build.0 = Debug|Any CPU
		{F52A0335-9F32-4976-BC3C-3FBC1E9E7849}.Release|Any CPU.ActiveCfg = Release|Any CPU
		{F52A0335-9F32-4976-BC3C-3FBC1E9E7849}.Release|Any CPU.Build.0 = Release|Any CPU
		{521ECBA4-0710-40C5-8391-AAC5A6DF4694}.Debug|Any CPU.ActiveCfg = Debug|Any CPU
		{521ECBA4-0710-40C5-8391-AAC5A6DF4694}.Debug|Any CPU.Build.0 = Debug|Any CPU
		{521ECBA4-0710-40C5-8391-AAC5A6DF4694}.Release|Any CPU.ActiveCfg = Release|Any CPU
		{521ECBA4-0710-40C5-8391-AAC5A6DF4694}.Release|Any CPU.Build.0 = Release|Any CPU
		{8CE29C73-D77D-4234-81B6-104EE63FE3C8}.Debug|Any CPU.ActiveCfg = Debug|Any CPU
		{8CE29C73-D77D-4234-81B6-104EE63FE3C8}.Debug|Any CPU.Build.0 = Debug|Any CPU
		{8CE29C73-D77D-4234-81B6-104EE63FE3C8}.Release|Any CPU.ActiveCfg = Release|Any CPU
		{8CE29C73-D77D-4234-81B6-104EE63FE3C8}.Release|Any CPU.Build.0 = Release|Any CPU
	EndGlobalSection
	GlobalSection(NestedProjects) = preSolution
		{C44BA081-FA00-4287-A245-19B8281EAEA5} = {5096DBF0-758F-4B07-9307-3292C785B5A8}
		{96CCAA9E-3AE5-4E0F-B7A4-B18F4BD265E3} = {5096DBF0-758F-4B07-9307-3292C785B5A8}
		{CA9B68F3-E133-46A6-80AA-D491E98D5AB7} = {5096DBF0-758F-4B07-9307-3292C785B5A8}
		{55BDAAEE-9A26-4EE7-9F87-05BCC6C0D1E2} = {5096DBF0-758F-4B07-9307-3292C785B5A8}
		{CB76A36D-71F1-46F0-9F70-D6CDF8E453DA} = {5096DBF0-758F-4B07-9307-3292C785B5A8}
		{DD154A15-0E14-4353-A9AB-6F8BA627BF06} = {18FD0867-D17C-49F5-A757-78365A773D26}
		{BD971582-66F8-494B-8000-4310779E3362} = {18FD0867-D17C-49F5-A757-78365A773D26}
		{9F79F492-7D1C-4270-934D-28AF59CFF917} = {18FD0867-D17C-49F5-A757-78365A773D26}
		{FD813DE6-D452-47C6-B012-D1BFD10179C1} = {18FD0867-D17C-49F5-A757-78365A773D26}
		{F737A88C-3C4D-4C28-9A54-75D167387CB3} = {18FD0867-D17C-49F5-A757-78365A773D26}
		{AD8FB1B6-31E0-4A48-930C-2C2CFC70B9E0} = {18FD0867-D17C-49F5-A757-78365A773D26}
		{7D45B36F-3AD8-4520-8454-7A47A03735B9} = {18FD0867-D17C-49F5-A757-78365A773D26}
		{FEEEAD84-B6BF-464E-8898-A139C710E559} = {B765B71C-DFC3-4B5F-A1F2-42BBE18B45C5}
		{F7A9319C-CEBD-4A90-96B6-5D4E200DA7EE} = {B765B71C-DFC3-4B5F-A1F2-42BBE18B45C5}
		{7CFA5930-DB0B-45DC-9728-B80DFD3D676A} = {B765B71C-DFC3-4B5F-A1F2-42BBE18B45C5}
		{1CD7A9AF-416A-4BCA-B866-52585BC7A332} = {B765B71C-DFC3-4B5F-A1F2-42BBE18B45C5}
		{BB267957-134C-4AD4-AF6C-19C28CD6B2B9} = {B765B71C-DFC3-4B5F-A1F2-42BBE18B45C5}
		{617BCA38-9020-45BB-B6CD-E1F962D40119} = {B765B71C-DFC3-4B5F-A1F2-42BBE18B45C5}
		{F52A0335-9F32-4976-BC3C-3FBC1E9E7849} = {B765B71C-DFC3-4B5F-A1F2-42BBE18B45C5}
		{521ECBA4-0710-40C5-8391-AAC5A6DF4694} = {B765B71C-DFC3-4B5F-A1F2-42BBE18B45C5}
		{8CE29C73-D77D-4234-81B6-104EE63FE3C8} = {B765B71C-DFC3-4B5F-A1F2-42BBE18B45C5}
	EndGlobalSection
EndGlobal
